# THIS IS AN AUTOGENERATED FILE. DO NOT EDIT THIS FILE DIRECTLY.
# yarn lockfile v1


async@~1.2.1:
  version "1.2.1"
  resolved "https://registry.yarnpkg.com/async/-/async-1.2.1.tgz#a4816a17cd5ff516dfa2c7698a453369b9790de0"

console-polyfill@0.3.0:
  version "0.3.0"
  resolved "https://registry.yarnpkg.com/console-polyfill/-/console-polyfill-0.3.0.tgz#84900902a18c47a5eba932be75fa44d23e8af861"

debug@2.6.9:
  version "2.6.9"
  resolved "https://registry.yarnpkg.com/debug/-/debug-2.6.9.tgz#5d128515df134ff327e90a4c93f4e077a536341f"
  dependencies:
    ms "2.0.0"

decache@^3.0.5:
  version "3.1.0"
  resolved "https://registry.yarnpkg.com/decache/-/decache-3.1.0.tgz#4f5036fbd6581fcc97237ac3954a244b9536c2da"
  dependencies:
    find "^0.2.4"

error-stack-parser@1.3.3:
  version "1.3.3"
  resolved "https://registry.yarnpkg.com/error-stack-parser/-/error-stack-parser-1.3.3.tgz#fada6e3a9cd2b0e080e6d6fc751418649734f35c"
  dependencies:
    stackframe "^0.3.1"

extend@3.0.0:
  version "3.0.0"
  resolved "https://registry.yarnpkg.com/extend/-/extend-3.0.0.tgz#5a474353b9f3353ddd8176dfd37b91c83a46f1d4"

find@^0.2.4:
  version "0.2.9"
  resolved "https://registry.yarnpkg.com/find/-/find-0.2.9.tgz#4b73f1ff9e56ad91b76e716407fe5ffe6554bb8c"
  dependencies:
    traverse-chain "~0.1.0"

is_js@^0.9.0:
  version "0.9.0"
  resolved "https://registry.yarnpkg.com/is_js/-/is_js-0.9.0.tgz#0ab94540502ba7afa24c856aa985561669e9c52d"

json-stringify-safe@~5.0.0:
  version "5.0.1"
  resolved "https://registry.yarnpkg.com/json-stringify-safe/-/json-stringify-safe-5.0.1.tgz#1296a2d58fd45f19a0f6ce01d65701e2c735b6eb"

lru-cache@~2.2.1:
  version "2.2.4"
  resolved "https://registry.yarnpkg.com/lru-cache/-/lru-cache-2.2.4.tgz#6c658619becf14031d0d0b594b16042ce4dc063d"

ms@2.0.0:
  version "2.0.0"
  resolved "https://registry.yarnpkg.com/ms/-/ms-2.0.0.tgz#5608aeadfc00be6c2901df5f9861788de0d597c8"

request-ip@~2.0.1:
  version "2.0.2"
  resolved "https://registry.yarnpkg.com/request-ip/-/request-ip-2.0.2.tgz#deeae6d4af21768497db8cd05fa37143f8f1257e"
  dependencies:
    is_js "^0.9.0"

rollbar@^2.3.9:
  version "2.3.9"
  resolved "https://registry.yarnpkg.com/rollbar/-/rollbar-2.3.9.tgz#46dc6c5531177ae282c8622ad8e930dad9cf2305"
  dependencies:
    async "~1.2.1"
    console-polyfill "0.3.0"
    debug "2.6.9"
    error-stack-parser "1.3.3"
    extend "3.0.0"
    json-stringify-safe "~5.0.0"
    lru-cache "~2.2.1"
    request-ip "~2.0.1"
    uuid "3.0.x"
  optionalDependencies:
    decache "^3.0.5"

stackframe@^0.3.1:
  version "0.3.1"
  resolved "https://registry.yarnpkg.com/stackframe/-/stackframe-0.3.1.tgz#33aa84f1177a5548c8935533cbfeb3420975f5a4"

traverse-chain@~0.1.0:
  version "0.1.0"
  resolved "https://registry.yarnpkg.com/traverse-chain/-/traverse-chain-0.1.0.tgz#61dbc2d53b69ff6091a12a168fd7d433107e40f1"

uuid@3.0.x:
  version "3.0.1"
  resolved "https://registry.yarnpkg.com/uuid/-/uuid-3.0.1.tgz#6544bba2dfda8c1cf17e629a3a305e2bb1fee6c1"
